// !$*UTF8*$!
{
	archiveVersion = 1;
	classes = {
	};
	objectVersion = 46;
	objects = {

/* Begin PBXBuildFile section */
		DAA275381A3944AE00940A14 /* VTAddress.m in Sources */ = {isa = PBXBuildFile; fileRef = DAA275371A3944AE00940A14 /* VTAddress.m */; };
		DAA2753A1A3947CD00940A14 /* VTAddressTest.m in Sources */ = {isa = PBXBuildFile; fileRef = DAA275391A3947CD00940A14 /* VTAddressTest.m */; };
		DAA2753D1A394EBB00940A14 /* VTBaseTransaction.m in Sources */ = {isa = PBXBuildFile; fileRef = DAA2753C1A394EBB00940A14 /* VTBaseTransaction.m */; };
		DAA275401A39509900940A14 /* VTCardDetails.m in Sources */ = {isa = PBXBuildFile; fileRef = DAA2753F1A39509900940A14 /* VTCardDetails.m */; };
		DAA275431A3981C700940A14 /* VTConfig.m in Sources */ = {isa = PBXBuildFile; fileRef = DAA275421A3981C700940A14 /* VTConfig.m */; };
		DAA275471A39847B00940A14 /* VTCardDetailsTest.m in Sources */ = {isa = PBXBuildFile; fileRef = DAA275461A39847B00940A14 /* VTCardDetailsTest.m */; };
		DAA275491A3993A900940A14 /* VTConfigTest.m in Sources */ = {isa = PBXBuildFile; fileRef = DAA275481A3993A900940A14 /* VTConfigTest.m */; };
		DAA2754C1A3995FD00940A14 /* VTCustomerDetails.m in Sources */ = {isa = PBXBuildFile; fileRef = DAA2754B1A3995FD00940A14 /* VTCustomerDetails.m */; };
		DAA2754F1A39973500940A14 /* VTItemDetails.m in Sources */ = {isa = PBXBuildFile; fileRef = DAA2754E1A39973500940A14 /* VTItemDetails.m */; };
		DAA275521A3999E600940A14 /* VTToken.m in Sources */ = {isa = PBXBuildFile; fileRef = DAA275511A3999E600940A14 /* VTToken.m */; };
		DAA275551A399A8D00940A14 /* VTTransactionDetails.m in Sources */ = {isa = PBXBuildFile; fileRef = DAA275541A399A8D00940A14 /* VTTransactionDetails.m */; };
		DAA275571A39A02700940A14 /* VTTransactionDetailsTest.m in Sources */ = {isa = PBXBuildFile; fileRef = DAA275561A39A02700940A14 /* VTTransactionDetailsTest.m */; };
		DAA2755C1A39A3DB00940A14 /* VTBaseTransactionTest.m in Sources */ = {isa = PBXBuildFile; fileRef = DAA2755B1A39A3DB00940A14 /* VTBaseTransactionTest.m */; };
		DAB051AB1A384F2F0059AB98 /* libVTiOSAPI.a in Frameworks */ = {isa = PBXBuildFile; fileRef = DAB0519F1A384F2F0059AB98 /* libVTiOSAPI.a */; };
		DAB051BA1A384F710059AB98 /* VTBaseTransactionMethod.m in Sources */ = {isa = PBXBuildFile; fileRef = DAB051B91A384F710059AB98 /* VTBaseTransactionMethod.m */; };
/* End PBXBuildFile section */

/* Begin PBXContainerItemProxy section */
		DAB051AC1A384F2F0059AB98 /* PBXContainerItemProxy */ = {
			isa = PBXContainerItemProxy;
			containerPortal = DAB051971A384F2F0059AB98 /* Project object */;
			proxyType = 1;
			remoteGlobalIDString = DAB0519E1A384F2F0059AB98;
			remoteInfo = VTiOSAPI;
		};
/* End PBXContainerItemProxy section */

/* Begin PBXCopyFilesBuildPhase section */
		DAB0519D1A384F2F0059AB98 /* CopyFiles */ = {
			isa = PBXCopyFilesBuildPhase;
			buildActionMask = 2147483647;
			dstPath = "include/$(PRODUCT_NAME)";
			dstSubfolderSpec = 16;
			files = (
			);
			runOnlyForDeploymentPostprocessing = 0;
		};
/* End PBXCopyFilesBuildPhase section */

/* Begin PBXFileReference section */
		DAA275371A3944AE00940A14 /* VTAddress.m */ = {isa = PBXFileReference; fileEncoding = 4; lastKnownFileType = sourcecode.c.objc; path = VTAddress.m; sourceTree = "<group>"; };
		DAA275391A3947CD00940A14 /* VTAddressTest.m */ = {isa = PBXFileReference; fileEncoding = 4; lastKnownFileType = sourcecode.c.objc; path = VTAddressTest.m; sourceTree = "<group>"; };
		DAA2753B1A394EA200940A14 /* VTBaseTransaction.h */ = {isa = PBXFileReference; fileEncoding = 4; lastKnownFileType = sourcecode.c.h; path = VTBaseTransaction.h; sourceTree = "<group>"; };
		DAA2753C1A394EBB00940A14 /* VTBaseTransaction.m */ = {isa = PBXFileReference; fileEncoding = 4; lastKnownFileType = sourcecode.c.objc; path = VTBaseTransaction.m; sourceTree = "<group>"; };
		DAA2753E1A39508000940A14 /* VTCardDetails.h */ = {isa = PBXFileReference; lastKnownFileType = sourcecode.c.h; path = VTCardDetails.h; sourceTree = "<group>"; };
		DAA2753F1A39509900940A14 /* VTCardDetails.m */ = {isa = PBXFileReference; fileEncoding = 4; lastKnownFileType = sourcecode.c.objc; path = VTCardDetails.m; sourceTree = "<group>"; };
		DAA275421A3981C700940A14 /* VTConfig.m */ = {isa = PBXFileReference; fileEncoding = 4; lastKnownFileType = sourcecode.c.objc; path = VTConfig.m; sourceTree = "<group>"; };
		DAA275441A39832C00940A14 /* VTConfig.h */ = {isa = PBXFileReference; lastKnownFileType = sourcecode.c.h; path = VTConfig.h; sourceTree = "<group>"; };
		DAA275461A39847B00940A14 /* VTCardDetailsTest.m */ = {isa = PBXFileReference; fileEncoding = 4; lastKnownFileType = sourcecode.c.objc; path = VTCardDetailsTest.m; sourceTree = "<group>"; };
		DAA275481A3993A900940A14 /* VTConfigTest.m */ = {isa = PBXFileReference; fileEncoding = 4; lastKnownFileType = sourcecode.c.objc; path = VTConfigTest.m; sourceTree = "<group>"; };
		DAA2754A1A3995EB00940A14 /* VTCustomerDetails.h */ = {isa = PBXFileReference; fileEncoding = 4; lastKnownFileType = sourcecode.c.h; path = VTCustomerDetails.h; sourceTree = "<group>"; };
		DAA2754B1A3995FD00940A14 /* VTCustomerDetails.m */ = {isa = PBXFileReference; fileEncoding = 4; lastKnownFileType = sourcecode.c.objc; path = VTCustomerDetails.m; sourceTree = "<group>"; };
		DAA2754D1A39971700940A14 /* VTItemDetails.h */ = {isa = PBXFileReference; lastKnownFileType = sourcecode.c.h; path = VTItemDetails.h; sourceTree = "<group>"; };
		DAA2754E1A39973500940A14 /* VTItemDetails.m */ = {isa = PBXFileReference; fileEncoding = 4; lastKnownFileType = sourcecode.c.objc; path = VTItemDetails.m; sourceTree = "<group>"; };
		DAA275501A3999E600940A14 /* VTToken.h */ = {isa = PBXFileReference; fileEncoding = 4; lastKnownFileType = sourcecode.c.h; path = VTToken.h; sourceTree = "<group>"; };
		DAA275511A3999E600940A14 /* VTToken.m */ = {isa = PBXFileReference; fileEncoding = 4; lastKnownFileType = sourcecode.c.objc; path = VTToken.m; sourceTree = "<group>"; };
		DAA275531A399A8D00940A14 /* VTTransactionDetails.h */ = {isa = PBXFileReference; fileEncoding = 4; lastKnownFileType = sourcecode.c.h; path = VTTransactionDetails.h; sourceTree = "<group>"; };
		DAA275541A399A8D00940A14 /* VTTransactionDetails.m */ = {isa = PBXFileReference; fileEncoding = 4; lastKnownFileType = sourcecode.c.objc; path = VTTransactionDetails.m; sourceTree = "<group>"; };
		DAA275561A39A02700940A14 /* VTTransactionDetailsTest.m */ = {isa = PBXFileReference; fileEncoding = 4; lastKnownFileType = sourcecode.c.objc; path = VTTransactionDetailsTest.m; sourceTree = "<group>"; };
		DAA2755B1A39A3DB00940A14 /* VTBaseTransactionTest.m */ = {isa = PBXFileReference; fileEncoding = 4; lastKnownFileType = sourcecode.c.objc; path = VTBaseTransactionTest.m; sourceTree = "<group>"; };
		DAB0519F1A384F2F0059AB98 /* libVTiOSAPI.a */ = {isa = PBXFileReference; explicitFileType = archive.ar; includeInIndex = 0; path = libVTiOSAPI.a; sourceTree = BUILT_PRODUCTS_DIR; };
		DAB051AA1A384F2F0059AB98 /* VTiOSAPITests.xctest */ = {isa = PBXFileReference; explicitFileType = wrapper.cfbundle; includeInIndex = 0; path = VTiOSAPITests.xctest; sourceTree = BUILT_PRODUCTS_DIR; };
		DAB051B01A384F2F0059AB98 /* Info.plist */ = {isa = PBXFileReference; lastKnownFileType = text.plist.xml; path = Info.plist; sourceTree = "<group>"; };
		DAB051B91A384F710059AB98 /* VTBaseTransactionMethod.m */ = {isa = PBXFileReference; fileEncoding = 4; lastKnownFileType = sourcecode.c.objc; path = VTBaseTransactionMethod.m; sourceTree = "<group>"; };
		DAB051BB1A384F910059AB98 /* VTBaseTransactionMethod.h */ = {isa = PBXFileReference; fileEncoding = 4; lastKnownFileType = sourcecode.c.h; path = VTBaseTransactionMethod.h; sourceTree = "<group>"; };
		DAB051BE1A3851D20059AB98 /* VTAddress.h */ = {isa = PBXFileReference; fileEncoding = 4; lastKnownFileType = sourcecode.c.h; path = VTAddress.h; sourceTree = "<group>"; };
/* End PBXFileReference section */

/* Begin PBXFrameworksBuildPhase section */
		DAB0519C1A384F2F0059AB98 /* Frameworks */ = {
			isa = PBXFrameworksBuildPhase;
			buildActionMask = 2147483647;
			files = (
			);
			runOnlyForDeploymentPostprocessing = 0;
		};
		DAB051A71A384F2F0059AB98 /* Frameworks */ = {
			isa = PBXFrameworksBuildPhase;
			buildActionMask = 2147483647;
			files = (
				DAB051AB1A384F2F0059AB98 /* libVTiOSAPI.a in Frameworks */,
			);
			runOnlyForDeploymentPostprocessing = 0;
		};
/* End PBXFrameworksBuildPhase section */

/* Begin PBXGroup section */
		DAA275411A3981B400940A14 /* VTUtils */ = {
			isa = PBXGroup;
			children = (
				DAA275421A3981C700940A14 /* VTConfig.m */,
				DAA275441A39832C00940A14 /* VTConfig.h */,
			);
			name = VTUtils;
			sourceTree = "<group>";
		};
		DAA275451A39845600940A14 /* VTModel */ = {
			isa = PBXGroup;
			children = (
				DAA275391A3947CD00940A14 /* VTAddressTest.m */,
				DAA275461A39847B00940A14 /* VTCardDetailsTest.m */,
				DAA275481A3993A900940A14 /* VTConfigTest.m */,
				DAA275561A39A02700940A14 /* VTTransactionDetailsTest.m */,
				DAA2755B1A39A3DB00940A14 /* VTBaseTransactionTest.m */,
			);
			name = VTModel;
			sourceTree = "<group>";
		};
		DAB051961A384F2F0059AB98 = {
			isa = PBXGroup;
			children = (
				DAB051A11A384F2F0059AB98 /* VTiOSAPI */,
				DAB051AE1A384F2F0059AB98 /* VTiOSAPITests */,
				DAB051A01A384F2F0059AB98 /* Products */,
			);
			sourceTree = "<group>";
		};
		DAB051A01A384F2F0059AB98 /* Products */ = {
			isa = PBXGroup;
			children = (
				DAB0519F1A384F2F0059AB98 /* libVTiOSAPI.a */,
				DAB051AA1A384F2F0059AB98 /* VTiOSAPITests.xctest */,
			);
			name = Products;
			sourceTree = "<group>";
		};
		DAB051A11A384F2F0059AB98 /* VTiOSAPI */ = {
			isa = PBXGroup;
			children = (
				DAA275411A3981B400940A14 /* VTUtils */,
				DAB051BC1A3851850059AB98 /* VTModel */,
				DAB051B91A384F710059AB98 /* VTBaseTransactionMethod.m */,
				DAB051BB1A384F910059AB98 /* VTBaseTransactionMethod.h */,
			);
			path = VTiOSAPI;
			sourceTree = "<group>";
		};
		DAB051AE1A384F2F0059AB98 /* VTiOSAPITests */ = {
			isa = PBXGroup;
			children = (
				DAA275451A39845600940A14 /* VTModel */,
				DAB051AF1A384F2F0059AB98 /* Supporting Files */,
			);
			path = VTiOSAPITests;
			sourceTree = "<group>";
		};
		DAB051AF1A384F2F0059AB98 /* Supporting Files */ = {
			isa = PBXGroup;
			children = (
				DAB051B01A384F2F0059AB98 /* Info.plist */,
			);
			name = "Supporting Files";
			sourceTree = "<group>";
		};
		DAB051BC1A3851850059AB98 /* VTModel */ = {
			isa = PBXGroup;
			children = (
				DAB051BE1A3851D20059AB98 /* VTAddress.h */,
				DAA275371A3944AE00940A14 /* VTAddress.m */,
				DAA2753B1A394EA200940A14 /* VTBaseTransaction.h */,
				DAA2753C1A394EBB00940A14 /* VTBaseTransaction.m */,
				DAA2753E1A39508000940A14 /* VTCardDetails.h */,
				DAA2753F1A39509900940A14 /* VTCardDetails.m */,
				DAA2754A1A3995EB00940A14 /* VTCustomerDetails.h */,
				DAA2754B1A3995FD00940A14 /* VTCustomerDetails.m */,
				DAA2754D1A39971700940A14 /* VTItemDetails.h */,
				DAA2754E1A39973500940A14 /* VTItemDetails.m */,
				DAA275501A3999E600940A14 /* VTToken.h */,
				DAA275511A3999E600940A14 /* VTToken.m */,
				DAA275531A399A8D00940A14 /* VTTransactionDetails.h */,
				DAA275541A399A8D00940A14 /* VTTransactionDetails.m */,
			);
			name = VTModel;
			sourceTree = "<group>";
		};
/* End PBXGroup section */

/* Begin PBXNativeTarget section */
		DAB0519E1A384F2F0059AB98 /* VTiOSAPI */ = {
			isa = PBXNativeTarget;
			buildConfigurationList = DAB051B31A384F2F0059AB98 /* Build configuration list for PBXNativeTarget "VTiOSAPI" */;
			buildPhases = (
				DAB0519B1A384F2F0059AB98 /* Sources */,
				DAB0519C1A384F2F0059AB98 /* Frameworks */,
				DAB0519D1A384F2F0059AB98 /* CopyFiles */,
			);
			buildRules = (
			);
			dependencies = (
			);
			name = VTiOSAPI;
			productName = VTiOSAPI;
			productReference = DAB0519F1A384F2F0059AB98 /* libVTiOSAPI.a */;
			productType = "com.apple.product-type.library.static";
		};
		DAB051A91A384F2F0059AB98 /* VTiOSAPITests */ = {
			isa = PBXNativeTarget;
			buildConfigurationList = DAB051B61A384F2F0059AB98 /* Build configuration list for PBXNativeTarget "VTiOSAPITests" */;
			buildPhases = (
				DAB051A61A384F2F0059AB98 /* Sources */,
				DAB051A71A384F2F0059AB98 /* Frameworks */,
				DAB051A81A384F2F0059AB98 /* Resources */,
			);
			buildRules = (
			);
			dependencies = (
				DAB051AD1A384F2F0059AB98 /* PBXTargetDependency */,
			);
			name = VTiOSAPITests;
			productName = VTiOSAPITests;
			productReference = DAB051AA1A384F2F0059AB98 /* VTiOSAPITests.xctest */;
			productType = "com.apple.product-type.bundle.unit-test";
		};
/* End PBXNativeTarget section */

/* Begin PBXProject section */
		DAB051971A384F2F0059AB98 /* Project object */ = {
			isa = PBXProject;
			attributes = {
				LastUpgradeCheck = 0610;
				ORGANIZATIONNAME = "Veritrans Indonesia";
				TargetAttributes = {
					DAB0519E1A384F2F0059AB98 = {
						CreatedOnToolsVersion = 6.1.1;
					};
					DAB051A91A384F2F0059AB98 = {
						CreatedOnToolsVersion = 6.1.1;
					};
				};
			};
			buildConfigurationList = DAB0519A1A384F2F0059AB98 /* Build configuration list for PBXProject "VTiOSAPI" */;
			compatibilityVersion = "Xcode 3.2";
			developmentRegion = English;
			hasScannedForEncodings = 0;
			knownRegions = (
				en,
			);
			mainGroup = DAB051961A384F2F0059AB98;
			productRefGroup = DAB051A01A384F2F0059AB98 /* Products */;
			projectDirPath = "";
			projectRoot = "";
			targets = (
				DAB0519E1A384F2F0059AB98 /* VTiOSAPI */,
				DAB051A91A384F2F0059AB98 /* VTiOSAPITests */,
			);
		};
/* End PBXProject section */

/* Begin PBXResourcesBuildPhase section */
		DAB051A81A384F2F0059AB98 /* Resources */ = {
			isa = PBXResourcesBuildPhase;
			buildActionMask = 2147483647;
			files = (
			);
			runOnlyForDeploymentPostprocessing = 0;
		};
/* End PBXResourcesBuildPhase section */

/* Begin PBXSourcesBuildPhase section */
		DAB0519B1A384F2F0059AB98 /* Sources */ = {
			isa = PBXSourcesBuildPhase;
			buildActionMask = 2147483647;
			files = (
				DAB051BA1A384F710059AB98 /* VTBaseTransactionMethod.m in Sources */,
				DAA2754F1A39973500940A14 /* VTItemDetails.m in Sources */,
				DAA275521A3999E600940A14 /* VTToken.m in Sources */,
				DAA2753D1A394EBB00940A14 /* VTBaseTransaction.m in Sources */,
				DAA2754C1A3995FD00940A14 /* VTCustomerDetails.m in Sources */,
				DAA275381A3944AE00940A14 /* VTAddress.m in Sources */,
				DAA275431A3981C700940A14 /* VTConfig.m in Sources */,
				DAA275551A399A8D00940A14 /* VTTransactionDetails.m in Sources */,
				DAA275401A39509900940A14 /* VTCardDetails.m in Sources */,
			);
			runOnlyForDeploymentPostprocessing = 0;
		};
		DAB051A61A384F2F0059AB98 /* Sources */ = {
			isa = PBXSourcesBuildPhase;
			buildActionMask = 2147483647;
			files = (
				DAA2755C1A39A3DB00940A14 /* VTBaseTransactionTest.m in Sources */,
				DAA275491A3993A900940A14 /* VTConfigTest.m in Sources */,
				DAA275471A39847B00940A14 /* VTCardDetailsTest.m in Sources */,
				DAA2753A1A3947CD00940A14 /* VTAddressTest.m in Sources */,
				DAA275571A39A02700940A14 /* VTTransactionDetailsTest.m in Sources */,
			);
			runOnlyForDeploymentPostprocessing = 0;
		};
/* End PBXSourcesBuildPhase section */

/* Begin PBXTargetDependency section */
		DAB051AD1A384F2F0059AB98 /* PBXTargetDependency */ = {
			isa = PBXTargetDependency;
			target = DAB0519E1A384F2F0059AB98 /* VTiOSAPI */;
			targetProxy = DAB051AC1A384F2F0059AB98 /* PBXContainerItemProxy */;
		};
/* End PBXTargetDependency section */

/* Begin XCBuildConfiguration section */
		DAB051B11A384F2F0059AB98 /* Debug */ = {
			isa = XCBuildConfiguration;
			buildSettings = {
				ALWAYS_SEARCH_USER_PATHS = NO;
				CLANG_CXX_LANGUAGE_STANDARD = "gnu++0x";
				CLANG_CXX_LIBRARY = "libc++";
				CLANG_ENABLE_MODULES = YES;
				CLANG_ENABLE_OBJC_ARC = YES;
				CLANG_WARN_BOOL_CONVERSION = YES;
				CLANG_WARN_CONSTANT_CONVERSION = YES;
				CLANG_WARN_DIRECT_OBJC_ISA_USAGE = YES_ERROR;
				CLANG_WARN_EMPTY_BODY = YES;
				CLANG_WARN_ENUM_CONVERSION = YES;
				CLANG_WARN_INT_CONVERSION = YES;
				CLANG_WARN_OBJC_ROOT_CLASS = YES_ERROR;
				CLANG_WARN_UNREACHABLE_CODE = YES;
				CLANG_WARN__DUPLICATE_METHOD_MATCH = YES;
				COPY_PHASE_STRIP = NO;
				ENABLE_STRICT_OBJC_MSGSEND = YES;
				GCC_C_LANGUAGE_STANDARD = gnu99;
				GCC_DYNAMIC_NO_PIC = NO;
				GCC_OPTIMIZATION_LEVEL = 0;
				GCC_PREPROCESSOR_DEFINITIONS = (
					"DEBUG=1",
					"$(inherited)",
				);
				GCC_SYMBOLS_PRIVATE_EXTERN = NO;
				GCC_WARN_64_TO_32_BIT_CONVERSION = YES;
				GCC_WARN_ABOUT_RETURN_TYPE = YES_ERROR;
				GCC_WARN_UNDECLARED_SELECTOR = YES;
				GCC_WARN_UNINITIALIZED_AUTOS = YES_AGGRESSIVE;
				GCC_WARN_UNUSED_FUNCTION = YES;
				GCC_WARN_UNUSED_VARIABLE = YES;
				IPHONEOS_DEPLOYMENT_TARGET = 8.1;
				MTL_ENABLE_DEBUG_INFO = YES;
				ONLY_ACTIVE_ARCH = YES;
				SDKROOT = iphoneos;
			};
			name = Debug;
		};
		DAB051B21A384F2F0059AB98 /* Release */ = {
			isa = XCBuildConfiguration;
			buildSettings = {
				ALWAYS_SEARCH_USER_PATHS = NO;
				CLANG_CXX_LANGUAGE_STANDARD = "gnu++0x";
				CLANG_CXX_LIBRARY = "libc++";
				CLANG_ENABLE_MODULES = YES;
				CLANG_ENABLE_OBJC_ARC = YES;
				CLANG_WARN_BOOL_CONVERSION = YES;
				CLANG_WARN_CONSTANT_CONVERSION = YES;
				CLANG_WARN_DIRECT_OBJC_ISA_USAGE = YES_ERROR;
				CLANG_WARN_EMPTY_BODY = YES;
				CLANG_WARN_ENUM_CONVERSION = YES;
				CLANG_WARN_INT_CONVERSION = YES;
				CLANG_WARN_OBJC_ROOT_CLASS = YES_ERROR;
				CLANG_WARN_UNREACHABLE_CODE = YES;
				CLANG_WARN__DUPLICATE_METHOD_MATCH = YES;
				COPY_PHASE_STRIP = YES;
				ENABLE_NS_ASSERTIONS = NO;
				ENABLE_STRICT_OBJC_MSGSEND = YES;
				GCC_C_LANGUAGE_STANDARD = gnu99;
				GCC_WARN_64_TO_32_BIT_CONVERSION = YES;
				GCC_WARN_ABOUT_RETURN_TYPE = YES_ERROR;
				GCC_WARN_UNDECLARED_SELECTOR = YES;
				GCC_WARN_UNINITIALIZED_AUTOS = YES_AGGRESSIVE;
				GCC_WARN_UNUSED_FUNCTION = YES;
				GCC_WARN_UNUSED_VARIABLE = YES;
				IPHONEOS_DEPLOYMENT_TARGET = 8.1;
				MTL_ENABLE_DEBUG_INFO = NO;
				SDKROOT = iphoneos;
				VALIDATE_PRODUCT = YES;
			};
			name = Release;
		};
		DAB051B41A384F2F0059AB98 /* Debug */ = {
			isa = XCBuildConfiguration;
			buildSettings = {
				OTHER_LDFLAGS = "-ObjC";
				PRODUCT_NAME = "$(TARGET_NAME)";
				SKIP_INSTALL = YES;
			};
			name = Debug;
		};
		DAB051B51A384F2F0059AB98 /* Release */ = {
			isa = XCBuildConfiguration;
			buildSettings = {
				OTHER_LDFLAGS = "-ObjC";
				PRODUCT_NAME = "$(TARGET_NAME)";
				SKIP_INSTALL = YES;
			};
			name = Release;
		};
		DAB051B71A384F2F0059AB98 /* Debug */ = {
			isa = XCBuildConfiguration;
			buildSettings = {
				FRAMEWORK_SEARCH_PATHS = (
					"$(SDKROOT)/Developer/Library/Frameworks",
					"$(inherited)",
				);
				GCC_PREPROCESSOR_DEFINITIONS = (
					"DEBUG=1",
					"$(inherited)",
				);
				INFOPLIST_FILE = VTiOSAPITests/Info.plist;
				LD_RUNPATH_SEARCH_PATHS = "$(inherited) @executable_path/Frameworks @loader_path/Frameworks";
				PRODUCT_NAME = "$(TARGET_NAME)";
			};
			name = Debug;
		};
		DAB051B81A384F2F0059AB98 /* Release */ = {
			isa = XCBuildConfiguration;
			buildSettings = {
				FRAMEWORK_SEARCH_PATHS = (
					"$(SDKROOT)/Developer/Library/Frameworks",
					"$(inherited)",
				);
				INFOPLIST_FILE = VTiOSAPITests/Info.plist;
				LD_RUNPATH_SEARCH_PATHS = "$(inherited) @executable_path/Frameworks @loader_path/Frameworks";
				PRODUCT_NAME = "$(TARGET_NAME)";
			};
			name = Release;
		};
/* End XCBuildConfiguration section */

/* Begin XCConfigurationList section */
		DAB0519A1A384F2F0059AB98 /* Build configuration list for PBXProject "VTiOSAPI" */ = {
			isa = XCConfigurationList;
			buildConfigurations = (
				DAB051B11A384F2F0059AB98 /* Debug */,
				DAB051B21A384F2F0059AB98 /* Release */,
			);
			defaultConfigurationIsVisible = 0;
			defaultConfigurationName = Release;
		};
		DAB051B31A384F2F0059AB98 /* Build configuration list for PBXNativeTarget "VTiOSAPI" */ = {
			isa = XCConfigurationList;
			buildConfigurations = (
				DAB051B41A384F2F0059AB98 /* Debug */,
				DAB051B51A384F2F0059AB98 /* Release */,
			);
			defaultConfigurationIsVisible = 0;
			defaultConfigurationName = Release;
		};
		DAB051B61A384F2F0059AB98 /* Build configuration list for PBXNativeTarget "VTiOSAPITests" */ = {
			isa = XCConfigurationList;
			buildConfigurations = (
				DAB051B71A384F2F0059AB98 /* Debug */,
				DAB051B81A384F2F0059AB98 /* Release */,
			);
			defaultConfigurationIsVisible = 0;
			defaultConfigurationName = Release;
		};
/* End XCConfigurationList section */
	};
	rootObject = DAB051971A384F2F0059AB98 /* Project object */;
}
